// !$*UTF8*$!
{
	archiveVersion = 1;
	classes = {
	};
	objectVersion = 77;
	objects = {

/* Begin PBXBuildFile section */
		974F24B02FAE6B0000A2D991 /* SwiftMail in Frameworks */ = {isa = PBXBuildFile; productRef = 974F24B12FAE6B0000A2D991 /* SwiftMail */; };
		974F353A2FB0832500A2D991 /* File13Core in Frameworks */ = {isa = PBXBuildFile; productRef = 974F35392FB0832500A2D991 /* File13Core */; };
/* End PBXBuildFile section */

/* Begin PBXContainerItemProxy section */
		974F245F2FAE622F00A2D991 /* PBXContainerItemProxy */ = {
			isa = PBXContainerItemProxy;
			containerPortal = 974F24472FAE622F00A2D991 /* Project object */;
			proxyType = 1;
			remoteGlobalIDString = 974F244E2FAE622F00A2D991;
			remoteInfo = File13;
		};
		974F24692FAE622F00A2D991 /* PBXContainerItemProxy */ = {
			isa = PBXContainerItemProxy;
			containerPortal = 974F24472FAE622F00A2D991 /* Project object */;
			proxyType = 1;
			remoteGlobalIDString = 974F244E2FAE622F00A2D991;
			remoteInfo = File13;
		};
/* End PBXContainerItemProxy section */

/* Begin PBXFileReference section */
		974F244F2FAE622F00A2D991 /* File13.app */ = {isa = PBXFileReference; explicitFileType = wrapper.application; includeInIndex = 0; path = File13.app; sourceTree = BUILT_PRODUCTS_DIR; };
		974F245E2FAE622F00A2D991 /* File13Tests.xctest */ = {isa = PBXFileReference; explicitFileType = wrapper.cfbundle; includeInIndex = 0; path = File13Tests.xctest; sourceTree = BUILT_PRODUCTS_DIR; };
		974F24682FAE622F00A2D991 /* File13UITests.xctest */ = {isa = PBXFileReference; explicitFileType = wrapper.cfbundle; includeInIndex = 0; path = File13UITests.xctest; sourceTree = BUILT_PRODUCTS_DIR; };
/* End PBXFileReference section */

/* Begin PBXFileSystemSynchronizedBuildFileExceptionSet section */
		E7CEPT012FAE622F00A2D991 /* Exceptions for "File13" folder in "File13" target */ = {
			isa = PBXFileSystemSynchronizedBuildFileExceptionSet;
			membershipExceptions = (
				File13.storekit,
				Info.plist,
			);
			target = 974F244E2FAE622F00A2D991 /* File13 */;
		};
/* End PBXFileSystemSynchronizedBuildFileExceptionSet section */

/* Begin PBXFileSystemSynchronizedRootGroup section */
		974F24512FAE622F00A2D991 /* File13 */ = {
			isa = PBXFileSystemSynchronizedRootGroup;
			exceptions = (
				E7CEPT012FAE622F00A2D991 /* Exceptions for "File13" folder in "File13" target */,
			);
			path = File13;
			sourceTree = "<group>";
		};
		974F24612FAE622F00A2D991 /* File13Tests */ = {
			isa = PBXFileSystemSynchronizedRootGroup;
			path = File13Tests;
			sourceTree = "<group>";
		};
		974F246B2FAE622F00A2D991 /* File13UITests */ = {
			isa = PBXFileSystemSynchronizedRootGroup;
			path = File13UITests;
			sourceTree = "<group>";
		};
/* End PBXFileSystemSynchronizedRootGroup section */

/* Begin PBXFrameworksBuildPhase section */
		974F244C2FAE622F00A2D991 /* Frameworks */ = {
			isa = PBXFrameworksBuildPhase;
			buildActionMask = 2147483647;
			files = (
				974F353A2FB0832500A2D991 /* File13Core in Frameworks */,
				974F24B02FAE6B0000A2D991 /* SwiftMail in Frameworks */,
			);
			runOnlyForDeploymentPostprocessing = 0;
		};
		974F245B2FAE622F00A2D991 /* Frameworks */ = {
			isa = PBXFrameworksBuildPhase;
			buildActionMask = 2147483647;
			files = (
			);
			runOnlyForDeploymentPostprocessing = 0;
		};
		974F24652FAE622F00A2D991 /* Frameworks */ = {
			isa = PBXFrameworksBuildPhase;
			buildActionMask = 2147483647;
			files = (
			);
			runOnlyForDeploymentPostprocessing = 0;
		};
/* End PBXFrameworksBuildPhase section */

/* Begin PBXGroup section */
		974F24462FAE622F00A2D991 = {
			isa = PBXGroup;
			children = (
				974F24512FAE622F00A2D991 /* File13 */,
				974F24612FAE622F00A2D991 /* File13Tests */,
				974F246B2FAE622F00A2D991 /* File13UITests */,
				974F35382FB0832500A2D991 /* Frameworks */,
				974F24502FAE622F00A2D991 /* Products */,
			);
			sourceTree = "<group>";
		};
		974F24502FAE622F00A2D991 /* Products */ = {
			isa = PBXGroup;
			children = (
				974F244F2FAE622F00A2D991 /* File13.app */,
				974F245E2FAE622F00A2D991 /* File13Tests.xctest */,
				974F24682FAE622F00A2D991 /* File13UITests.xctest */,
			);
			name = Products;
			sourceTree = "<group>";
		};
		974F35382FB0832500A2D991 /* Frameworks */ = {
			isa = PBXGroup;
			children = (
			);
			name = Frameworks;
			sourceTree = "<group>";
		};
/* End PBXGroup section */

/* Begin PBXNativeTarget section */
		974F244E2FAE622F00A2D991 /* File13 */ = {
			isa = PBXNativeTarget;
			buildConfigurationList = 974F24722FAE622F00A2D991 /* Build configuration list for PBXNativeTarget "File13" */;
			buildPhases = (
				974F244B2FAE622F00A2D991 /* Sources */,
				974F244C2FAE622F00A2D991 /* Frameworks */,
				974F244D2FAE622F00A2D991 /* Resources */,
			);
			buildRules = (
			);
			dependencies = (
			);
			fileSystemSynchronizedGroups = (
				974F24512FAE622F00A2D991 /* File13 */,
			);
			name = File13;
			packageProductDependencies = (
				974F24B12FAE6B0000A2D991 /* SwiftMail */,
				974F35392FB0832500A2D991 /* File13Core */,
			);
			productName = File13;
			productReference = 974F244F2FAE622F00A2D991 /* File13.app */;
			productType = "com.apple.product-type.application";
		};
		974F245D2FAE622F00A2D991 /* File13Tests */ = {
			isa = PBXNativeTarget;
			buildConfigurationList = 974F24752FAE622F00A2D991 /* Build configuration list for PBXNativeTarget "File13Tests" */;
			buildPhases = (
				974F245A2FAE622F00A2D991 /* Sources */,
				974F245B2FAE622F00A2D991 /* Frameworks */,
				974F245C2FAE622F00A2D991 /* Resources */,
			);
			buildRules = (
			);
			dependencies = (
				974F24602FAE622F00A2D991 /* PBXTargetDependency */,
			);
			fileSystemSynchronizedGroups = (
				974F24612FAE622F00A2D991 /* File13Tests */,
			);
			name = File13Tests;
			packageProductDependencies = (
			);
			productName = File13Tests;
			productReference = 974F245E2FAE622F00A2D991 /* File13Tests.xctest */;
			productType = "com.apple.product-type.bundle.unit-test";
		};
		974F24672FAE622F00A2D991 /* File13UITests */ = {
			isa = PBXNativeTarget;
			buildConfigurationList = 974F24782FAE622F00A2D991 /* Build configuration list for PBXNativeTarget "File13UITests" */;
			buildPhases = (
				974F24642FAE622F00A2D991 /* Sources */,
				974F24652FAE622F00A2D991 /* Frameworks */,
				974F24662FAE622F00A2D991 /* Resources */,
			);
			buildRules = (
			);
			dependencies = (
				974F246A2FAE622F00A2D991 /* PBXTargetDependency */,
			);
			fileSystemSynchronizedGroups = (
				974F246B2FAE622F00A2D991 /* File13UITests */,
			);
			name = File13UITests;
			packageProductDependencies = (
			);
			productName = File13UITests;
			productReference = 974F24682FAE622F00A2D991 /* File13UITests.xctest */;
			productType = "com.apple.product-type.bundle.ui-testing";
		};
/* End PBXNativeTarget section */

/* Begin PBXProject section */
		974F24472FAE622F00A2D991 /* Project object */ = {
			isa = PBXProject;
			attributes = {
				BuildIndependentTargetsInParallel = 1;
				LastSwiftUpdateCheck = 2640;
				LastUpgradeCheck = 2640;
				TargetAttributes = {
					974F244E2FAE622F00A2D991 = {
						CreatedOnToolsVersion = 26.4.1;
					};
					974F245D2FAE622F00A2D991 = {
						CreatedOnToolsVersion = 26.4.1;
						TestTargetID = 974F244E2FAE622F00A2D991;
					};
					974F24672FAE622F00A2D991 = {
						CreatedOnToolsVersion = 26.4.1;
						TestTargetID = 974F244E2FAE622F00A2D991;
					};
				};
			};
			buildConfigurationList = 974F244A2FAE622F00A2D991 /* Build configuration list for PBXProject "File13" */;
			developmentRegion = en;
			hasScannedForEncodings = 0;
			knownRegions = (
				en,
				Base,
			);
			mainGroup = 974F24462FAE622F00A2D991;
			minimizedProjectReferenceProxies = 1;
			packageReferences = (
				974F24A42FAE6AD600A2D991 /* XCLocalSwiftPackageReference "Vendor/SwiftMail" */,
				974F35372FB0825300A2D991 /* XCLocalSwiftPackageReference "Packages/File13Core" */,
			);
			preferredProjectObjectVersion = 77;
			productRefGroup = 974F24502FAE622F00A2D991 /* Products */;
			projectDirPath = "";
			projectRoot = "";
			targets = (
				974F244E2FAE622F00A2D991 /* File13 */,
				974F245D2FAE622F00A2D991 /* File13Tests */,
				974F24672FAE622F00A2D991 /* File13UITests */,
			);
		};
/* End PBXProject section */

/* Begin PBXResourcesBuildPhase section */
		974F244D2FAE622F00A2D991 /* Resources */ = {
			isa = PBXResourcesBuildPhase;
			buildActionMask = 2147483647;
			files = (
			);
			runOnlyForDeploymentPostprocessing = 0;
		};
		974F245C2FAE622F00A2D991 /* Resources */ = {
			isa = PBXResourcesBuildPhase;
			buildActionMask = 2147483647;
			files = (
			);
			runOnlyForDeploymentPostprocessing = 0;
		};
		974F24662FAE622F00A2D991 /* Resources */ = {
			isa = PBXResourcesBuildPhase;
			buildActionMask = 2147483647;
			files = (
			);
			runOnlyForDeploymentPostprocessing = 0;
		};
/* End PBXResourcesBuildPhase section */

/* Begin PBXSourcesBuildPhase section */
		974F244B2FAE622F00A2D991 /* Sources */ = {
			isa = PBXSourcesBuildPhase;
			buildActionMask = 2147483647;
			files = (
			);
			runOnlyForDeploymentPostprocessing = 0;
		};
		974F245A2FAE622F00A2D991 /* Sources */ = {
			isa = PBXSourcesBuildPhase;
			buildActionMask = 2147483647;
			files = (
			);
			runOnlyForDeploymentPostprocessing = 0;
		};
		974F24642FAE622F00A2D991 /* Sources */ = {
			isa = PBXSourcesBuildPhase;
			buildActionMask = 2147483647;
			files = (
			);
			runOnlyForDeploymentPostprocessing = 0;
		};
/* End PBXSourcesBuildPhase section */

/* Begin PBXTargetDependency section */
		974F24602FAE622F00A2D991 /* PBXTargetDependency */ = {
			isa = PBXTargetDependency;
			target = 974F244E2FAE622F00A2D991 /* File13 */;
			targetProxy = 974F245F2FAE622F00A2D991 /* PBXContainerItemProxy */;
		};
		974F246A2FAE622F00A2D991 /* PBXTargetDependency */ = {
			isa = PBXTargetDependency;
			target = 974F244E2FAE622F00A2D991 /* File13 */;
			targetProxy = 974F24692FAE622F00A2D991 /* PBXContainerItemProxy */;
		};
/* End PBXTargetDependency section */

/* Begin XCBuildConfiguration section */
		974F24702FAE622F00A2D991 /* Debug */ = {
			isa = XCBuildConfiguration;
			buildSettings = {
				ALWAYS_SEARCH_USER_PATHS = NO;
				ASSETCATALOG_COMPILER_GENERATE_SWIFT_ASSET_SYMBOL_EXTENSIONS = YES;
				CLANG_ANALYZER_NONNULL = YES;
				CLANG_ANALYZER_NUMBER_OBJECT_CONVERSION = YES_AGGRESSIVE;
				CLANG_CXX_LANGUAGE_STANDARD = "gnu++20";
				CLANG_ENABLE_MODULES = YES;
				CLANG_ENABLE_OBJC_ARC = YES;
				CLANG_ENABLE_OBJC_WEAK = YES;
				CLANG_WARN_BLOCK_CAPTURE_AUTORELEASING = YES;
				CLANG_WARN_BOOL_CONVERSION = YES;
				CLANG_WARN_COMMA = YES;
				CLANG_WARN_CONSTANT_CONVERSION = YES;
				CLANG_WARN_DEPRECATED_OBJC_IMPLEMENTATIONS = YES;
				CLANG_WARN_DIRECT_OBJC_ISA_USAGE = YES_ERROR;
				CLANG_WARN_DOCUMENTATION_COMMENTS = YES;
				CLANG_WARN_EMPTY_BODY = YES;
				CLANG_WARN_ENUM_CONVERSION = YES;
				CLANG_WARN_INFINITE_RECURSION = YES;
				CLANG_WARN_INT_CONVERSION = YES;
				CLANG_WARN_NON_LITERAL_NULL_CONVERSION = YES;
				CLANG_WARN_OBJC_IMPLICIT_RETAIN_SELF = YES;
				CLANG_WARN_OBJC_LITERAL_CONVERSION = YES;
				CLANG_WARN_OBJC_ROOT_CLASS = YES_ERROR;
				CLANG_WARN_QUOTED_INCLUDE_IN_FRAMEWORK_HEADER = YES;
				CLANG_WARN_RANGE_LOOP_ANALYSIS = YES;
				CLANG_WARN_STRICT_PROTOTYPES = YES;
				CLANG_WARN_SUSPICIOUS_MOVE = YES;
				CLANG_WARN_UNGUARDED_AVAILABILITY = YES_AGGRESSIVE;
				CLANG_WARN_UNREACHABLE_CODE = YES;
				CLANG_WARN__DUPLICATE_METHOD_MATCH = YES;
				COPY_PHASE_STRIP = NO;
				DEBUG_INFORMATION_FORMAT = dwarf;
				DEVELOPMENT_TEAM = YRB6VBTSRV;
				ENABLE_STRICT_OBJC_MSGSEND = YES;
				ENABLE_TESTABILITY = YES;
				ENABLE_USER_SCRIPT_SANDBOXING = YES;
				GCC_C_LANGUAGE_STANDARD = gnu17;
				GCC_DYNAMIC_NO_PIC = NO;
				GCC_NO_COMMON_BLOCKS = YES;
				GCC_OPTIMIZATION_LEVEL = 0;
				GCC_PREPROCESSOR_DEFINITIONS = (
					"DEBUG=1",
					"$(inherited)",
				);
				GCC_WARN_64_TO_32_BIT_CONVERSION = YES;
				GCC_WARN_ABOUT_RETURN_TYPE = YES_ERROR;
				GCC_WARN_UNDECLARED_SELECTOR = YES;
				GCC_WARN_UNINITIALIZED_AUTOS = YES_AGGRESSIVE;
				GCC_WARN_UNUSED_FUNCTION = YES;
				GCC_WARN_UNUSED_VARIABLE = YES;
				LOCALIZATION_PREFERS_STRING_CATALOGS = YES;
				MTL_ENABLE_DEBUG_INFO = INCLUDE_SOURCE;
				MTL_FAST_MATH = YES;
				ONLY_ACTIVE_ARCH = YES;
				SWIFT_ACTIVE_COMPILATION_CONDITIONS = "DEBUG $(inherited)";
				SWIFT_OPTIMIZATION_LEVEL = "-Onone";
			};
			name = Debug;
		};
		974F24712FAE622F00A2D991 /* Release */ = {
			isa = XCBuildConfiguration;
			buildSettings = {
				ALWAYS_SEARCH_USER_PATHS = NO;
				ASSETCATALOG_COMPILER_GENERATE_SWIFT_ASSET_SYMBOL_EXTENSIONS = YES;
				CLANG_ANALYZER_NONNULL = YES;
				CLANG_ANALYZER_NUMBER_OBJECT_CONVERSION = YES_AGGRESSIVE;
				CLANG_CXX_LANGUAGE_STANDARD = "gnu++20";
				CLANG_ENABLE_MODULES = YES;
				CLANG_ENABLE_OBJC_ARC = YES;
				CLANG_ENABLE_OBJC_WEAK = YES;
				CLANG_WARN_BLOCK_CAPTURE_AUTORELEASING = YES;
				CLANG_WARN_BOOL_CONVERSION = YES;
				CLANG_WARN_COMMA = YES;
				CLANG_WARN_CONSTANT_CONVERSION = YES;
				CLANG_WARN_DEPRECATED_OBJC_IMPLEMENTATIONS = YES;
				CLANG_WARN_DIRECT_OBJC_ISA_USAGE = YES_ERROR;
				CLANG_WARN_DOCUMENTATION_COMMENTS = YES;
				CLANG_WARN_EMPTY_BODY = YES;
				CLANG_WARN_ENUM_CONVERSION = YES;
				CLANG_WARN_INFINITE_RECURSION = YES;
				CLANG_WARN_INT_CONVERSION = YES;
				CLANG_WARN_NON_LITERAL_NULL_CONVERSION = YES;
				CLANG_WARN_OBJC_IMPLICIT_RETAIN_SELF = YES;
				CLANG_WARN_OBJC_LITERAL_CONVERSION = YES;
				CLANG_WARN_OBJC_ROOT_CLASS = YES_ERROR;
				CLANG_WARN_QUOTED_INCLUDE_IN_FRAMEWORK_HEADER = YES;
				CLANG_WARN_RANGE_LOOP_ANALYSIS = YES;
				CLANG_WARN_STRICT_PROTOTYPES = YES;
				CLANG_WARN_SUSPICIOUS_MOVE = YES;
				CLANG_WARN_UNGUARDED_AVAILABILITY = YES_AGGRESSIVE;
				CLANG_WARN_UNREACHABLE_CODE = YES;
				CLANG_WARN__DUPLICATE_METHOD_MATCH = YES;
				COPY_PHASE_STRIP = NO;
				DEBUG_INFORMATION_FORMAT = "dwarf-with-dsym";
				DEVELOPMENT_TEAM = YRB6VBTSRV;
				ENABLE_NS_ASSERTIONS = NO;
				ENABLE_STRICT_OBJC_MSGSEND = YES;
				ENABLE_USER_SCRIPT_SANDBOXING = YES;
				GCC_C_LANGUAGE_STANDARD = gnu17;
				GCC_NO_COMMON_BLOCKS = YES;
				GCC_WARN_64_TO_32_BIT_CONVERSION = YES;
				GCC_WARN_ABOUT_RETURN_TYPE = YES_ERROR;
				GCC_WARN_UNDECLARED_SELECTOR = YES;
				GCC_WARN_UNINITIALIZED_AUTOS = YES_AGGRESSIVE;
				GCC_WARN_UNUSED_FUNCTION = YES;
				GCC_WARN_UNUSED_VARIABLE = YES;
				LOCALIZATION_PREFERS_STRING_CATALOGS = YES;
				MTL_ENABLE_DEBUG_INFO = NO;
				MTL_FAST_MATH = YES;
				SWIFT_COMPILATION_MODE = wholemodule;
			};
			name = Release;
		};
		974F24732FAE622F00A2D991 /* Debug */ = {
			isa = XCBuildConfiguration;
			buildSettings = {
				ASSETCATALOG_COMPILER_APPICON_NAME = AppIcon;
				ASSETCATALOG_COMPILER_GLOBAL_ACCENT_COLOR_NAME = AccentColor;
				CODE_SIGN_ENTITLEMENTS = File13/File13.entitlements;
				CODE_SIGN_STYLE = Automatic;
				CURRENT_PROJECT_VERSION = 1;
				DEVELOPMENT_TEAM = YRB6VBTSRV;
				ENABLE_APP_SANDBOX = YES;
				ENABLE_HARDENED_RUNTIME = YES;
				ENABLE_PREVIEWS = YES;
				ENABLE_USER_SCRIPT_SANDBOXING = YES;
				ENABLE_USER_SELECTED_FILES = readonly;
				GENERATE_INFOPLIST_FILE = NO;
				INFOPLIST_FILE = File13/Info.plist;
				INFOPLIST_KEY_CFBundleDisplayName = File13;
				INFOPLIST_KEY_LSApplicationCategoryType = "public.app-category.productivity";
				"INFOPLIST_KEY_UIApplicationSceneManifest_Generation[sdk=iphoneos*]" = YES;
				"INFOPLIST_KEY_UIApplicationSceneManifest_Generation[sdk=iphonesimulator*]" = YES;
				"INFOPLIST_KEY_UIApplicationSupportsIndirectInputEvents[sdk=iphoneos*]" = YES;
				"INFOPLIST_KEY_UIApplicationSupportsIndirectInputEvents[sdk=iphonesimulator*]" = YES;
				"INFOPLIST_KEY_UILaunchScreen_Generation[sdk=iphoneos*]" = YES;
				"INFOPLIST_KEY_UILaunchScreen_Generation[sdk=iphonesimulator*]" = YES;
				"INFOPLIST_KEY_UIStatusBarStyle[sdk=iphoneos*]" = UIStatusBarStyleDefault;
				"INFOPLIST_KEY_UIStatusBarStyle[sdk=iphonesimulator*]" = UIStatusBarStyleDefault;
				INFOPLIST_KEY_UISupportedInterfaceOrientations_iPad = "UIInterfaceOrientationPortrait UIInterfaceOrientationPortraitUpsideDown UIInterfaceOrientationLandscapeLeft UIInterfaceOrientationLandscapeRight";
				INFOPLIST_KEY_UISupportedInterfaceOrientations_iPhone = "UIInterfaceOrientationPortrait UIInterfaceOrientationLandscapeLeft UIInterfaceOrientationLandscapeRight";
				IPHONEOS_DEPLOYMENT_TARGET = 26.4;
				LD_RUNPATH_SEARCH_PATHS = "@executable_path/Frameworks";
				"LD_RUNPATH_SEARCH_PATHS[sdk=macosx*]" = "@executable_path/../Frameworks";
				MACOSX_DEPLOYMENT_TARGET = 26.4;
				MARKETING_VERSION = 1.0;
				PRODUCT_BUNDLE_IDENTIFIER = com.shawnbrown.File13;
				PRODUCT_NAME = "$(TARGET_NAME)";
				REGISTER_APP_GROUPS = YES;
				SDKROOT = auto;
				STRING_CATALOG_GENERATE_SYMBOLS = YES;
				SUPPORTED_PLATFORMS = "iphoneos iphonesimulator macosx xros xrsimulator";
				SWIFT_APPROACHABLE_CONCURRENCY = YES;
				SWIFT_DEFAULT_ACTOR_ISOLATION = MainActor;
				SWIFT_EMIT_LOC_STRINGS = YES;
				SWIFT_UPCOMING_FEATURE_MEMBER_IMPORT_VISIBILITY = YES;
				SWIFT_VERSION = 5.0;
				TARGETED_DEVICE_FAMILY = "1,2,7";
				XROS_DEPLOYMENT_TARGET = 26.4;
			};
			name = Debug;
		};
		974F24742FAE622F00A2D991 /* Release */ = {
			isa = XCBuildConfiguration;
			buildSettings = {
				ASSETCATALOG_COMPILER_APPICON_NAME = AppIcon;
				ASSETCATALOG_COMPILER_GLOBAL_ACCENT_COLOR_NAME = AccentColor;
				CODE_SIGN_ENTITLEMENTS = File13/File13.entitlements;
				CODE_SIGN_STYLE = Automatic;
				CURRENT_PROJECT_VERSION = 1;
				DEVELOPMENT_TEAM = YRB6VBTSRV;
				ENABLE_APP_SANDBOX = YES;
				ENABLE_HARDENED_RUNTIME = YES;
				ENABLE_PREVIEWS = YES;
				ENABLE_USER_SCRIPT_SANDBOXING = YES;
				ENABLE_USER_SELECTED_FILES = readonly;
				GENERATE_INFOPLIST_FILE = NO;
				INFOPLIST_FILE = File13/Info.plist;
				INFOPLIST_KEY_CFBundleDisplayName = File13;
				INFOPLIST_KEY_LSApplicationCategoryType = "public.app-category.productivity";
				"INFOPLIST_KEY_UIApplicationSceneManifest_Generation[sdk=iphoneos*]" = YES;
				"INFOPLIST_KEY_UIApplicationSceneManifest_Generation[sdk=iphonesimulator*]" = YES;
				"INFOPLIST_KEY_UIApplicationSupportsIndirectInputEvents[sdk=iphoneos*]" = YES;
				"INFOPLIST_KEY_UIApplicationSupportsIndirectInputEvents[sdk=iphonesimulator*]" = YES;
				"INFOPLIST_KEY_UILaunchScreen_Generation[sdk=iphoneos*]" = YES;
				"INFOPLIST_KEY_UILaunchScreen_Generation[sdk=iphonesimulator*]" = YES;
				"INFOPLIST_KEY_UIStatusBarStyle[sdk=iphoneos*]" = UIStatusBarStyleDefault;
				"INFOPLIST_KEY_UIStatusBarStyle[sdk=iphonesimulator*]" = UIStatusBarStyleDefault;
				INFOPLIST_KEY_UISupportedInterfaceOrientations_iPad = "UIInterfaceOrientationPortrait UIInterfaceOrientationPortraitUpsideDown UIInterfaceOrientationLandscapeLeft UIInterfaceOrientationLandscapeRight";
				INFOPLIST_KEY_UISupportedInterfaceOrientations_iPhone = "UIInterfaceOrientationPortrait UIInterfaceOrientationLandscapeLeft UIInterfaceOrientationLandscapeRight";
				IPHONEOS_DEPLOYMENT_TARGET = 26.4;
				LD_RUNPATH_SEARCH_PATHS = "@executable_path/Frameworks";
				"LD_RUNPATH_SEARCH_PATHS[sdk=macosx*]" = "@executable_path/../Frameworks";
				MACOSX_DEPLOYMENT_TARGET = 26.4;
				MARKETING_VERSION = 1.0;
				PRODUCT_BUNDLE_IDENTIFIER = com.shawnbrown.File13;
				PRODUCT_NAME = "$(TARGET_NAME)";
				REGISTER_APP_GROUPS = YES;
				SDKROOT = auto;
				STRING_CATALOG_GENERATE_SYMBOLS = YES;
				SUPPORTED_PLATFORMS = "iphoneos iphonesimulator macosx xros xrsimulator";
				SWIFT_APPROACHABLE_CONCURRENCY = YES;
				SWIFT_DEFAULT_ACTOR_ISOLATION = MainActor;
				SWIFT_EMIT_LOC_STRINGS = YES;
				SWIFT_UPCOMING_FEATURE_MEMBER_IMPORT_VISIBILITY = YES;
				SWIFT_VERSION = 5.0;
				TARGETED_DEVICE_FAMILY = "1,2,7";
				XROS_DEPLOYMENT_TARGET = 26.4;
			};
			name = Release;
		};
		974F24762FAE622F00A2D991 /* Debug */ = {
			isa = XCBuildConfiguration;
			buildSettings = {
				BUNDLE_LOADER = "$(TEST_HOST)";
				CODE_SIGN_STYLE = Automatic;
				CURRENT_PROJECT_VERSION = 1;
				DEVELOPMENT_TEAM = YRB6VBTSRV;
				GENERATE_INFOPLIST_FILE = YES;
				IPHONEOS_DEPLOYMENT_TARGET = 26.4;
				MACOSX_DEPLOYMENT_TARGET = 26.4;
				MARKETING_VERSION = 1.0;
				PRODUCT_BUNDLE_IDENTIFIER = com.shawnbrown.file13Tests;
				PRODUCT_NAME = "$(TARGET_NAME)";
				SDKROOT = auto;
				STRING_CATALOG_GENERATE_SYMBOLS = NO;
				SUPPORTED_PLATFORMS = "iphoneos iphonesimulator macosx xros xrsimulator";
				SWIFT_APPROACHABLE_CONCURRENCY = YES;
				SWIFT_EMIT_LOC_STRINGS = NO;
				SWIFT_UPCOMING_FEATURE_MEMBER_IMPORT_VISIBILITY = YES;
				SWIFT_VERSION = 5.0;
				TARGETED_DEVICE_FAMILY = "1,2,7";
				TEST_HOST = "$(BUILT_PRODUCTS_DIR)/File13.app/$(BUNDLE_EXECUTABLE_FOLDER_PATH)/File13";
				XROS_DEPLOYMENT_TARGET = 26.4;
			};
			name = Debug;
		};
		974F24772FAE622F00A2D991 /* Release */ = {
			isa = XCBuildConfiguration;
			buildSettings = {
				BUNDLE_LOADER = "$(TEST_HOST)";
				CODE_SIGN_STYLE = Automatic;
				CURRENT_PROJECT_VERSION = 1;
				DEVELOPMENT_TEAM = YRB6VBTSRV;
				GENERATE_INFOPLIST_FILE = YES;
				IPHONEOS_DEPLOYMENT_TARGET = 26.4;
				MACOSX_DEPLOYMENT_TARGET = 26.4;
				MARKETING_VERSION = 1.0;
				PRODUCT_BUNDLE_IDENTIFIER = com.shawnbrown.file13Tests;
				PRODUCT_NAME = "$(TARGET_NAME)";
				SDKROOT = auto;
				STRING_CATALOG_GENERATE_SYMBOLS = NO;
				SUPPORTED_PLATFORMS = "iphoneos iphonesimulator macosx xros xrsimulator";
				SWIFT_APPROACHABLE_CONCURRENCY = YES;
				SWIFT_EMIT_LOC_STRINGS = NO;
				SWIFT_UPCOMING_FEATURE_MEMBER_IMPORT_VISIBILITY = YES;
				SWIFT_VERSION = 5.0;
				TARGETED_DEVICE_FAMILY = "1,2,7";
				TEST_HOST = "$(BUILT_PRODUCTS_DIR)/File13.app/$(BUNDLE_EXECUTABLE_FOLDER_PATH)/File13";
				XROS_DEPLOYMENT_TARGET = 26.4;
			};
			name = Release;
		};
		974F24792FAE622F00A2D991 /* Debug */ = {
			isa = XCBuildConfiguration;
			buildSettings = {
				CODE_SIGN_STYLE = Automatic;
				CURRENT_PROJECT_VERSION = 1;
				DEVELOPMENT_TEAM = YRB6VBTSRV;
				GENERATE_INFOPLIST_FILE = YES;
				IPHONEOS_DEPLOYMENT_TARGET = 26.4;
				MACOSX_DEPLOYMENT_TARGET = 26.4;
				MARKETING_VERSION = 1.0;
				PRODUCT_BUNDLE_IDENTIFIER = com.shawnbrown.file13UITests;
				PRODUCT_NAME = "$(TARGET_NAME)";
				SDKROOT = auto;
				STRING_CATALOG_GENERATE_SYMBOLS = NO;
				SUPPORTED_PLATFORMS = "iphoneos iphonesimulator macosx xros xrsimulator";
				SWIFT_APPROACHABLE_CONCURRENCY = YES;
				SWIFT_EMIT_LOC_STRINGS = NO;
				SWIFT_UPCOMING_FEATURE_MEMBER_IMPORT_VISIBILITY = YES;
				SWIFT_VERSION = 5.0;
				TARGETED_DEVICE_FAMILY = "1,2,7";
				TEST_TARGET_NAME = File13;
				XROS_DEPLOYMENT_TARGET = 26.4;
			};
			name = Debug;
		};
		974F247A2FAE622F00A2D991 /* Release */ = {
			isa = XCBuildConfiguration;
			buildSettings = {
				CODE_SIGN_STYLE = Automatic;
				CURRENT_PROJECT_VERSION = 1;
				DEVELOPMENT_TEAM = YRB6VBTSRV;
				GENERATE_INFOPLIST_FILE = YES;
				IPHONEOS_DEPLOYMENT_TARGET = 26.4;
				MACOSX_DEPLOYMENT_TARGET = 26.4;
				MARKETING_VERSION = 1.0;
				PRODUCT_BUNDLE_IDENTIFIER = com.shawnbrown.file13UITests;
				PRODUCT_NAME = "$(TARGET_NAME)";
				SDKROOT = auto;
				STRING_CATALOG_GENERATE_SYMBOLS = NO;
				SUPPORTED_PLATFORMS = "iphoneos iphonesimulator macosx xros xrsimulator";
				SWIFT_APPROACHABLE_CONCURRENCY = YES;
				SWIFT_EMIT_LOC_STRINGS = NO;
				SWIFT_UPCOMING_FEATURE_MEMBER_IMPORT_VISIBILITY = YES;
				SWIFT_VERSION = 5.0;
				TARGETED_DEVICE_FAMILY = "1,2,7";
				TEST_TARGET_NAME = File13;
				XROS_DEPLOYMENT_TARGET = 26.4;
			};
			name = Release;
		};
/* End XCBuildConfiguration section */

/* Begin XCConfigurationList section */
		974F244A2FAE622F00A2D991 /* Build configuration list for PBXProject "File13" */ = {
			isa = XCConfigurationList;
			buildConfigurations = (
				974F24702FAE622F00A2D991 /* Debug */,
				974F24712FAE622F00A2D991 /* Release */,
			);
			defaultConfigurationIsVisible = 0;
			defaultConfigurationName = Release;
		};
		974F24722FAE622F00A2D991 /* Build configuration list for PBXNativeTarget "File13" */ = {
			isa = XCConfigurationList;
			buildConfigurations = (
				974F24732FAE622F00A2D991 /* Debug */,
				974F24742FAE622F00A2D991 /* Release */,
			);
			defaultConfigurationIsVisible = 0;
			defaultConfigurationName = Release;
		};
		974F24752FAE622F00A2D991 /* Build configuration list for PBXNativeTarget "File13Tests" */ = {
			isa = XCConfigurationList;
			buildConfigurations = (
				974F24762FAE622F00A2D991 /* Debug */,
				974F24772FAE622F00A2D991 /* Release */,
			);
			defaultConfigurationIsVisible = 0;
			defaultConfigurationName = Release;
		};
		974F24782FAE622F00A2D991 /* Build configuration list for PBXNativeTarget "File13UITests" */ = {
			isa = XCConfigurationList;
			buildConfigurations = (
				974F24792FAE622F00A2D991 /* Debug */,
				974F247A2FAE622F00A2D991 /* Release */,
			);
			defaultConfigurationIsVisible = 0;
			defaultConfigurationName = Release;
		};
/* End XCConfigurationList section */

/* Begin XCLocalSwiftPackageReference section */
		974F24A42FAE6AD600A2D991 /* XCLocalSwiftPackageReference "Vendor/SwiftMail" */ = {
			isa = XCLocalSwiftPackageReference;
			relativePath = Vendor/SwiftMail;
		};
		974F35372FB0825300A2D991 /* XCLocalSwiftPackageReference "Packages/File13Core" */ = {
			isa = XCLocalSwiftPackageReference;
			relativePath = Packages/File13Core;
		};
/* End XCLocalSwiftPackageReference section */

/* Begin XCSwiftPackageProductDependency section */
		974F24B12FAE6B0000A2D991 /* SwiftMail */ = {
			isa = XCSwiftPackageProductDependency;
			package = 974F24A42FAE6AD600A2D991 /* XCLocalSwiftPackageReference "Vendor/SwiftMail" */;
			productName = SwiftMail;
		};
		974F35392FB0832500A2D991 /* File13Core */ = {
			isa = XCSwiftPackageProductDependency;
			package = 974F35372FB0825300A2D991 /* XCLocalSwiftPackageReference "Packages/File13Core" */;
			productName = File13Core;
		};
/* End XCSwiftPackageProductDependency section */
	};
	rootObject = 974F24472FAE622F00A2D991 /* Project object */;
}
